{
  "name": "item",
  "version": "1.0.0",
  "lockfileVersion": 1,
  "requires": true,
  "dependencies": {
    "swiper": {
      "version": "3.4.2",
      "resolved": "https://registry.npmjs.org/swiper/-/swiper-3.4.2.tgz",
      "integrity": "sha1-Oda0ELGjmDPh9y07cpmd9fXjg5I="
    },
    "vue-awesome-swiper": {
      "version": "2.6.7",
      "resolved": "https://registry.npmjs.org/vue-awesome-swiper/-/vue-awesome-swiper-2.6.7.tgz",
      "integrity": "sha512-kUmCds5HTcV9Uz0eYnvajbxpVgAKQFrX0r+akk8XtuUouI5e2ImhO7aZ8iVhTLE4hwKwoyFP8jekAa0JlNqifA==",
      "requires": {
        "swiper": "^3.4.2"
      }
    }
  }
}
